// !$*UTF8*$!
{
	archiveVersion = 1;
	classes = {
	};
	objectVersion = 56;
	objects = {

/* Begin PBXBuildFile section */
		37CA1EAC09D49C653C957172 /* Pods_BDDDemo.framework in Frameworks */ = {isa = PBXBuildFile; fileRef = C6AB3EFCC79BE84D95F3DE3E /* Pods_BDDDemo.framework */; };
		706D93C67E54B67E9180F0D6 /* Pods_BDDDemo_BDDDemoUITests.framework in Frameworks */ = {isa = PBXBuildFile; fileRef = 2FDD2BB8B9FB51F4D4963198 /* Pods_BDDDemo_BDDDemoUITests.framework */; };
		926BAC172B57F03E00424129 /* OtpSteps.swift in Sources */ = {isa = PBXBuildFile; fileRef = 926BAC162B57F03E00424129 /* OtpSteps.swift */; };
		92723DAC2B57B3A600145EF4 /* AppDelegate.swift in Sources */ = {isa = PBXBuildFile; fileRef = 92723DAB2B57B3A600145EF4 /* AppDelegate.swift */; };
		92723DAE2B57B3A600145EF4 /* SceneDelegate.swift in Sources */ = {isa = PBXBuildFile; fileRef = 92723DAD2B57B3A600145EF4 /* SceneDelegate.swift */; };
		92723DB32B57B3A600145EF4 /* Main.storyboard in Resources */ = {isa = PBXBuildFile; fileRef = 92723DB12B57B3A600145EF4 /* Main.storyboard */; };
		92723DB52B57B3A800145EF4 /* Assets.xcassets in Resources */ = {isa = PBXBuildFile; fileRef = 92723DB42B57B3A800145EF4 /* Assets.xcassets */; };
		92723DB82B57B3A800145EF4 /* LaunchScreen.storyboard in Resources */ = {isa = PBXBuildFile; fileRef = 92723DB62B57B3A800145EF4 /* LaunchScreen.storyboard */; };
		92723DC32B57B3A800145EF4 /* BDDDemoTests.swift in Sources */ = {isa = PBXBuildFile; fileRef = 92723DC22B57B3A800145EF4 /* BDDDemoTests.swift */; };
		92723DE82B57B4F500145EF4 /* ViewController.swift in Sources */ = {isa = PBXBuildFile; fileRef = 92723DE72B57B4F500145EF4 /* ViewController.swift */; };
		92723DEA2B57B51600145EF4 /* OtpScreenViewController.swift in Sources */ = {isa = PBXBuildFile; fileRef = 92723DE92B57B51600145EF4 /* OtpScreenViewController.swift */; };
		92723DF02B57B5D400145EF4 /* CucumberInitializer.swift in Sources */ = {isa = PBXBuildFile; fileRef = 92723DEC2B57B5D400145EF4 /* CucumberInitializer.swift */; };
		92723DF22B57B5D400145EF4 /* CucumberishLoader.m in Sources */ = {isa = PBXBuildFile; fileRef = 92723DEF2B57B5D400145EF4 /* CucumberishLoader.m */; };
		92723DFE2B57B99D00145EF4 /* Features in Resources */ = {isa = PBXBuildFile; fileRef = 92723DFD2B57B99D00145EF4 /* Features */; };
		929F39FD2B58FECA000FCBA7 /* LoginSteps.swift in Sources */ = {isa = PBXBuildFile; fileRef = 929F39FC2B58FECA000FCBA7 /* LoginSteps.swift */; };
		EC6DD23ED493C5E35A121DE4 /* Pods_BDDDemoTests.framework in Frameworks */ = {isa = PBXBuildFile; fileRef = 35755CB748A75A2C42F6F05E /* Pods_BDDDemoTests.framework */; };
/* End PBXBuildFile section */

/* Begin PBXContainerItemProxy section */
		92723DBF2B57B3A800145EF4 /* PBXContainerItemProxy */ = {
			isa = PBXContainerItemProxy;
			containerPortal = 92723DA02B57B3A600145EF4 /* Project object */;
			proxyType = 1;
			remoteGlobalIDString = 92723DA72B57B3A600145EF4;
			remoteInfo = BDDDemo;
		};
		92723DC92B57B3A800145EF4 /* PBXContainerItemProxy */ = {
			isa = PBXContainerItemProxy;
			containerPortal = 92723DA02B57B3A600145EF4 /* Project object */;
			proxyType = 1;
			remoteGlobalIDString = 92723DA72B57B3A600145EF4;
			remoteInfo = BDDDemo;
		};
/* End PBXContainerItemProxy section */

/* Begin PBXFileReference section */
		2FDD2BB8B9FB51F4D4963198 /* Pods_BDDDemo_BDDDemoUITests.framework */ = {isa = PBXFileReference; explicitFileType = wrapper.framework; includeInIndex = 0; path = Pods_BDDDemo_BDDDemoUITests.framework; sourceTree = BUILT_PRODUCTS_DIR; };
		35755CB748A75A2C42F6F05E /* Pods_BDDDemoTests.framework */ = {isa = PBXFileReference; explicitFileType = wrapper.framework; includeInIndex = 0; path = Pods_BDDDemoTests.framework; sourceTree = BUILT_PRODUCTS_DIR; };
		5C16A31480DD84AF8CCA53B5 /* Pods-BDDDemoTests.release.xcconfig */ = {isa = PBXFileReference; includeInIndex = 1; lastKnownFileType = text.xcconfig; name = "Pods-BDDDemoTests.release.xcconfig"; path = "Target Support Files/Pods-BDDDemoTests/Pods-BDDDemoTests.release.xcconfig"; sourceTree = "<group>"; };
		6DDF74A7F9D265995CB85B53 /* Pods-BDDDemo-BDDDemoUITests.release.xcconfig */ = {isa = PBXFileReference; includeInIndex = 1; lastKnownFileType = text.xcconfig; name = "Pods-BDDDemo-BDDDemoUITests.release.xcconfig"; path = "Target Support Files/Pods-BDDDemo-BDDDemoUITests/Pods-BDDDemo-BDDDemoUITests.release.xcconfig"; sourceTree = "<group>"; };
		8900CBFCF233F74EF54FBD60 /* Pods-BDDDemo-BDDDemoUITests.debug.xcconfig */ = {isa = PBXFileReference; includeInIndex = 1; lastKnownFileType = text.xcconfig; name = "Pods-BDDDemo-BDDDemoUITests.debug.xcconfig"; path = "Target Support Files/Pods-BDDDemo-BDDDemoUITests/Pods-BDDDemo-BDDDemoUITests.debug.xcconfig"; sourceTree = "<group>"; };
		926BAC162B57F03E00424129 /* OtpSteps.swift */ = {isa = PBXFileReference; lastKnownFileType = sourcecode.swift; path = OtpSteps.swift; sourceTree = "<group>"; };
		92723DA82B57B3A600145EF4 /* BDDDemo.app */ = {isa = PBXFileReference; explicitFileType = wrapper.application; includeInIndex = 0; path = BDDDemo.app; sourceTree = BUILT_PRODUCTS_DIR; };
		92723DAB2B57B3A600145EF4 /* AppDelegate.swift */ = {isa = PBXFileReference; lastKnownFileType = sourcecode.swift; path = AppDelegate.swift; sourceTree = "<group>"; };
		92723DAD2B57B3A600145EF4 /* SceneDelegate.swift */ = {isa = PBXFileReference; lastKnownFileType = sourcecode.swift; path = SceneDelegate.swift; sourceTree = "<group>"; };
		92723DB22B57B3A600145EF4 /* Base */ = {isa = PBXFileReference; lastKnownFileType = file.storyboard; name = Base; path = Base.lproj/Main.storyboard; sourceTree = "<group>"; };
		92723DB42B57B3A800145EF4 /* Assets.xcassets */ = {isa = PBXFileReference; lastKnownFileType = folder.assetcatalog; path = Assets.xcassets; sourceTree = "<group>"; };
		92723DB72B57B3A800145EF4 /* Base */ = {isa = PBXFileReference; lastKnownFileType = file.storyboard; name = Base; path = Base.lproj/LaunchScreen.storyboard; sourceTree = "<group>"; };
		92723DB92B57B3A800145EF4 /* Info.plist */ = {isa = PBXFileReference; lastKnownFileType = text.plist.xml; path = Info.plist; sourceTree = "<group>"; };
		92723DBE2B57B3A800145EF4 /* BDDDemoTests.xctest */ = {isa = PBXFileReference; explicitFileType = wrapper.cfbundle; includeInIndex = 0; path = BDDDemoTests.xctest; sourceTree = BUILT_PRODUCTS_DIR; };
		92723DC22B57B3A800145EF4 /* BDDDemoTests.swift */ = {isa = PBXFileReference; lastKnownFileType = sourcecode.swift; path = BDDDemoTests.swift; sourceTree = "<group>"; };
		92723DC82B57B3A800145EF4 /* BDDDemoUITests.xctest */ = {isa = PBXFileReference; explicitFileType = wrapper.cfbundle; includeInIndex = 0; path = BDDDemoUITests.xctest; sourceTree = BUILT_PRODUCTS_DIR; };
		92723DE72B57B4F500145EF4 /* ViewController.swift */ = {isa = PBXFileReference; fileEncoding = 4; lastKnownFileType = sourcecode.swift; path = ViewController.swift; sourceTree = "<group>"; };
		92723DE92B57B51600145EF4 /* OtpScreenViewController.swift */ = {isa = PBXFileReference; fileEncoding = 4; lastKnownFileType = sourcecode.swift; path = OtpScreenViewController.swift; sourceTree = "<group>"; };
		92723DEB2B57B5D300145EF4 /* BDDDemoUITests-Bridging-Header.h */ = {isa = PBXFileReference; lastKnownFileType = sourcecode.c.h; path = "BDDDemoUITests-Bridging-Header.h"; sourceTree = "<group>"; };
		92723DEC2B57B5D400145EF4 /* CucumberInitializer.swift */ = {isa = PBXFileReference; fileEncoding = 4; lastKnownFileType = sourcecode.swift; path = CucumberInitializer.swift; sourceTree = "<group>"; };
		92723DEF2B57B5D400145EF4 /* CucumberishLoader.m */ = {isa = PBXFileReference; fileEncoding = 4; lastKnownFileType = sourcecode.c.objc; path = CucumberishLoader.m; sourceTree = "<group>"; };
		92723DFD2B57B99D00145EF4 /* Features */ = {isa = PBXFileReference; lastKnownFileType = folder; path = Features; sourceTree = "<group>"; };
		929F39FC2B58FECA000FCBA7 /* LoginSteps.swift */ = {isa = PBXFileReference; lastKnownFileType = sourcecode.swift; path = LoginSteps.swift; sourceTree = "<group>"; };
		9F0B6726C74DE43C144DC3D7 /* Pods-BDDDemoTests.debug.xcconfig */ = {isa = PBXFileReference; includeInIndex = 1; lastKnownFileType = text.xcconfig; name = "Pods-BDDDemoTests.debug.xcconfig"; path = "Target Support Files/Pods-BDDDemoTests/Pods-BDDDemoTests.debug.xcconfig"; sourceTree = "<group>"; };
		A09AC93A215E20BCF957FA8C /* Pods-BDDDemo.release.xcconfig */ = {isa = PBXFileReference; includeInIndex = 1; lastKnownFileType = text.xcconfig; name = "Pods-BDDDemo.release.xcconfig"; path = "Target Support Files/Pods-BDDDemo/Pods-BDDDemo.release.xcconfig"; sourceTree = "<group>"; };
		BF043A3F4D57E1BB47D8B330 /* Pods-BDDDemo.debug.xcconfig */ = {isa = PBXFileReference; includeInIndex = 1; lastKnownFileType = text.xcconfig; name = "Pods-BDDDemo.debug.xcconfig"; path = "Target Support Files/Pods-BDDDemo/Pods-BDDDemo.debug.xcconfig"; sourceTree = "<group>"; };
		C6AB3EFCC79BE84D95F3DE3E /* Pods_BDDDemo.framework */ = {isa = PBXFileReference; explicitFileType = wrapper.framework; includeInIndex = 0; path = Pods_BDDDemo.framework; sourceTree = BUILT_PRODUCTS_DIR; };
/* End PBXFileReference section */

/* Begin PBXFrameworksBuildPhase section */
		92723DA52B57B3A600145EF4 /* Frameworks */ = {
			isa = PBXFrameworksBuildPhase;
			buildActionMask = 2147483647;
			files = (
				37CA1EAC09D49C653C957172 /* Pods_BDDDemo.framework in Frameworks */,
			);
			runOnlyForDeploymentPostprocessing = 0;
		};
		92723DBB2B57B3A800145EF4 /* Frameworks */ = {
			isa = PBXFrameworksBuildPhase;
			buildActionMask = 2147483647;
			files = (
				EC6DD23ED493C5E35A121DE4 /* Pods_BDDDemoTests.framework in Frameworks */,
			);
			runOnlyForDeploymentPostprocessing = 0;
		};
		92723DC52B57B3A800145EF4 /* Frameworks */ = {
			isa = PBXFrameworksBuildPhase;
			buildActionMask = 2147483647;
			files = (
				706D93C67E54B67E9180F0D6 /* Pods_BDDDemo_BDDDemoUITests.framework in Frameworks */,
			);
			runOnlyForDeploymentPostprocessing = 0;
		};
/* End PBXFrameworksBuildPhase section */

/* Begin PBXGroup section */
		65A016125FA5736796FC9D8D /* Frameworks */ = {
			isa = PBXGroup;
			children = (
				C6AB3EFCC79BE84D95F3DE3E /* Pods_BDDDemo.framework */,
				2FDD2BB8B9FB51F4D4963198 /* Pods_BDDDemo_BDDDemoUITests.framework */,
				35755CB748A75A2C42F6F05E /* Pods_BDDDemoTests.framework */,
			);
			name = Frameworks;
			sourceTree = "<group>";
		};
		6D7A519F006C38536486BDCF /* Pods */ = {
			isa = PBXGroup;
			children = (
				BF043A3F4D57E1BB47D8B330 /* Pods-BDDDemo.debug.xcconfig */,
				A09AC93A215E20BCF957FA8C /* Pods-BDDDemo.release.xcconfig */,
				8900CBFCF233F74EF54FBD60 /* Pods-BDDDemo-BDDDemoUITests.debug.xcconfig */,
				6DDF74A7F9D265995CB85B53 /* Pods-BDDDemo-BDDDemoUITests.release.xcconfig */,
				9F0B6726C74DE43C144DC3D7 /* Pods-BDDDemoTests.debug.xcconfig */,
				5C16A31480DD84AF8CCA53B5 /* Pods-BDDDemoTests.release.xcconfig */,
			);
			path = Pods;
			sourceTree = "<group>";
		};
		92723D9F2B57B3A600145EF4 = {
			isa = PBXGroup;
			children = (
				92723DAA2B57B3A600145EF4 /* BDDDemo */,
				92723DC12B57B3A800145EF4 /* BDDDemoTests */,
				92723DCB2B57B3A800145EF4 /* BDDDemoUITests */,
				92723DA92B57B3A600145EF4 /* Products */,
				6D7A519F006C38536486BDCF /* Pods */,
				65A016125FA5736796FC9D8D /* Frameworks */,
			);
			sourceTree = "<group>";
		};
		92723DA92B57B3A600145EF4 /* Products */ = {
			isa = PBXGroup;
			children = (
				92723DA82B57B3A600145EF4 /* BDDDemo.app */,
				92723DBE2B57B3A800145EF4 /* BDDDemoTests.xctest */,
				92723DC82B57B3A800145EF4 /* BDDDemoUITests.xctest */,
			);
			name = Products;
			sourceTree = "<group>";
		};
		92723DAA2B57B3A600145EF4 /* BDDDemo */ = {
			isa = PBXGroup;
			children = (
				92723DAB2B57B3A600145EF4 /* AppDelegate.swift */,
				92723DAD2B57B3A600145EF4 /* SceneDelegate.swift */,
				92723DE92B57B51600145EF4 /* OtpScreenViewController.swift */,
				92723DE72B57B4F500145EF4 /* ViewController.swift */,
				92723DB12B57B3A600145EF4 /* Main.storyboard */,
				92723DB42B57B3A800145EF4 /* Assets.xcassets */,
				92723DB62B57B3A800145EF4 /* LaunchScreen.storyboard */,
				92723DB92B57B3A800145EF4 /* Info.plist */,
			);
			path = BDDDemo;
			sourceTree = "<group>";
		};
		92723DC12B57B3A800145EF4 /* BDDDemoTests */ = {
			isa = PBXGroup;
			children = (
				92723DC22B57B3A800145EF4 /* BDDDemoTests.swift */,
			);
			path = BDDDemoTests;
			sourceTree = "<group>";
		};
		92723DCB2B57B3A800145EF4 /* BDDDemoUITests */ = {
			isa = PBXGroup;
			children = (
				92723DEF2B57B5D400145EF4 /* CucumberishLoader.m */,
				92723DEB2B57B5D300145EF4 /* BDDDemoUITests-Bridging-Header.h */,
				92723DFD2B57B99D00145EF4 /* Features */,
				929F39FC2B58FECA000FCBA7 /* LoginSteps.swift */,
				926BAC162B57F03E00424129 /* OtpSteps.swift */,
				92723DEC2B57B5D400145EF4 /* CucumberInitializer.swift */,
			);
			path = BDDDemoUITests;
			sourceTree = "<group>";
		};
/* End PBXGroup section */

/* Begin PBXNativeTarget section */
		92723DA72B57B3A600145EF4 /* BDDDemo */ = {
			isa = PBXNativeTarget;
			buildConfigurationList = 92723DD22B57B3A900145EF4 /* Build configuration list for PBXNativeTarget "BDDDemo" */;
			buildPhases = (
				EB1654DF8A3957F0622064E7 /* [CP] Check Pods Manifest.lock */,
				92723DA42B57B3A600145EF4 /* Sources */,
				92723DA52B57B3A600145EF4 /* Frameworks */,
				92723DA62B57B3A600145EF4 /* Resources */,
				828B5CF9455DFAF0EF22EA30 /* [CP] Embed Pods Frameworks */,
			);
			buildRules = (
			);
			dependencies = (
			);
			name = BDDDemo;
			productName = BDDDemo;
			productReference = 92723DA82B57B3A600145EF4 /* BDDDemo.app */;
			productType = "com.apple.product-type.application";
		};
		92723DBD2B57B3A800145EF4 /* BDDDemoTests */ = {
			isa = PBXNativeTarget;
			buildConfigurationList = 92723DD52B57B3A900145EF4 /* Build configuration list for PBXNativeTarget "BDDDemoTests" */;
			buildPhases = (
				358F0ACA6C8F6CF3F802E8DD /* [CP] Check Pods Manifest.lock */,
				92723DBA2B57B3A800145EF4 /* Sources */,
				92723DBB2B57B3A800145EF4 /* Frameworks */,
				92723DBC2B57B3A800145EF4 /* Resources */,
			);
			buildRules = (
			);
			dependencies = (
				92723DC02B57B3A800145EF4 /* PBXTargetDependency */,
			);
			name = BDDDemoTests;
			productName = BDDDemoTests;
			productReference = 92723DBE2B57B3A800145EF4 /* BDDDemoTests.xctest */;
			productType = "com.apple.product-type.bundle.unit-test";
		};
		92723DC72B57B3A800145EF4 /* BDDDemoUITests */ = {
			isa = PBXNativeTarget;
			buildConfigurationList = 92723DD82B57B3A900145EF4 /* Build configuration list for PBXNativeTarget "BDDDemoUITests" */;
			buildPhases = (
				6C030410F7D2B3B980148788 /* [CP] Check Pods Manifest.lock */,
				92723DC42B57B3A800145EF4 /* Sources */,
				92723DC52B57B3A800145EF4 /* Frameworks */,
				92723DC62B57B3A800145EF4 /* Resources */,
				929F39FB2B58DC0D000FCBA7 /* ShellScript */,
				E6EFF0E6F4B272CB07F53878 /* [CP] Embed Pods Frameworks */,
			);
			buildRules = (
			);
			dependencies = (
				92723DCA2B57B3A800145EF4 /* PBXTargetDependency */,
			);
			name = BDDDemoUITests;
			productName = BDDDemoUITests;
			productReference = 92723DC82B57B3A800145EF4 /* BDDDemoUITests.xctest */;
			productType = "com.apple.product-type.bundle.ui-testing";
		};
/* End PBXNativeTarget section */

/* Begin PBXProject section */
		92723DA02B57B3A600145EF4 /* Project object */ = {
			isa = PBXProject;
			attributes = {
				BuildIndependentTargetsInParallel = 1;
				LastSwiftUpdateCheck = 1420;
				LastUpgradeCheck = 1420;
				TargetAttributes = {
					92723DA72B57B3A600145EF4 = {
						CreatedOnToolsVersion = 14.2;
					};
					92723DBD2B57B3A800145EF4 = {
						CreatedOnToolsVersion = 14.2;
						TestTargetID = 92723DA72B57B3A600145EF4;
					};
					92723DC72B57B3A800145EF4 = {
						CreatedOnToolsVersion = 14.2;
						LastSwiftMigration = 1420;
						TestTargetID = 92723DA72B57B3A600145EF4;
					};
				};
			};
			buildConfigurationList = 92723DA32B57B3A600145EF4 /* Build configuration list for PBXProject "BDDDemo" */;
			compatibilityVersion = "Xcode 14.0";
			developmentRegion = en;
			hasScannedForEncodings = 0;
			knownRegions = (
				en,
				Base,
			);
			mainGroup = 92723D9F2B57B3A600145EF4;
			productRefGroup = 92723DA92B57B3A600145EF4 /* Products */;
			projectDirPath = "";
			projectRoot = "";
			targets = (
				92723DA72B57B3A600145EF4 /* BDDDemo */,
				92723DBD2B57B3A800145EF4 /* BDDDemoTests */,
				92723DC72B57B3A800145EF4 /* BDDDemoUITests */,
			);
		};
/* End PBXProject section */

/* Begin PBXResourcesBuildPhase section */
		92723DA62B57B3A600145EF4 /* Resources */ = {
			isa = PBXResourcesBuildPhase;
			buildActionMask = 2147483647;
			files = (
				92723DB82B57B3A800145EF4 /* LaunchScreen.storyboard in Resources */,
				92723DB52B57B3A800145EF4 /* Assets.xcassets in Resources */,
				92723DB32B57B3A600145EF4 /* Main.storyboard in Resources */,
			);
			runOnlyForDeploymentPostprocessing = 0;
		};
		92723DBC2B57B3A800145EF4 /* Resources */ = {
			isa = PBXResourcesBuildPhase;
			buildActionMask = 2147483647;
			files = (
			);
			runOnlyForDeploymentPostprocessing = 0;
		};
		92723DC62B57B3A800145EF4 /* Resources */ = {
			isa = PBXResourcesBuildPhase;
			buildActionMask = 2147483647;
			files = (
				92723DFE2B57B99D00145EF4 /* Features in Resources */,
			);
			runOnlyForDeploymentPostprocessing = 0;
		};
/* End PBXResourcesBuildPhase section */

/* Begin PBXShellScriptBuildPhase section */
		358F0ACA6C8F6CF3F802E8DD /* [CP] Check Pods Manifest.lock */ = {
			isa = PBXShellScriptBuildPhase;
			buildActionMask = 2147483647;
			files = (
			);
			inputFileListPaths = (
			);
			inputPaths = (
				"${PODS_PODFILE_DIR_PATH}/Podfile.lock",
				"${PODS_ROOT}/Manifest.lock",
			);
			name = "[CP] Check Pods Manifest.lock";
			outputFileListPaths = (
			);
			outputPaths = (
				"$(DERIVED_FILE_DIR)/Pods-BDDDemoTests-checkManifestLockResult.txt",
			);
			runOnlyForDeploymentPostprocessing = 0;
			shellPath = /bin/sh;
			shellScript = "diff \"${PODS_PODFILE_DIR_PATH}/Podfile.lock\" \"${PODS_ROOT}/Manifest.lock\" > /dev/null\nif [ $? != 0 ] ; then\n    # print error to STDERR\n    echo \"error: The sandbox is not in sync with the Podfile.lock. Run 'pod install' or update your CocoaPods installation.\" >&2\n    exit 1\nfi\n# This output is used by Xcode 'outputs' to avoid re-running this script phase.\necho \"SUCCESS\" > \"${SCRIPT_OUTPUT_FILE_0}\"\n";
			showEnvVarsInLog = 0;
		};
		6C030410F7D2B3B980148788 /* [CP] Check Pods Manifest.lock */ = {
			isa = PBXShellScriptBuildPhase;
			buildActionMask = 2147483647;
			files = (
			);
			inputFileListPaths = (
			);
			inputPaths = (
				"${PODS_PODFILE_DIR_PATH}/Podfile.lock",
				"${PODS_ROOT}/Manifest.lock",
			);
			name = "[CP] Check Pods Manifest.lock";
			outputFileListPaths = (
			);
			outputPaths = (
				"$(DERIVED_FILE_DIR)/Pods-BDDDemo-BDDDemoUITests-checkManifestLockResult.txt",
			);
			runOnlyForDeploymentPostprocessing = 0;
			shellPath = /bin/sh;
			shellScript = "diff \"${PODS_PODFILE_DIR_PATH}/Podfile.lock\" \"${PODS_ROOT}/Manifest.lock\" > /dev/null\nif [ $? != 0 ] ; then\n    # print error to STDERR\n    echo \"error: The sandbox is not in sync with the Podfile.lock. Run 'pod install' or update your CocoaPods installation.\" >&2\n    exit 1\nfi\n# This output is used by Xcode 'outputs' to avoid re-running this script phase.\necho \"SUCCESS\" > \"${SCRIPT_OUTPUT_FILE_0}\"\n";
			showEnvVarsInLog = 0;
		};
		828B5CF9455DFAF0EF22EA30 /* [CP] Embed Pods Frameworks */ = {
			isa = PBXShellScriptBuildPhase;
			buildActionMask = 2147483647;
			files = (
			);
			inputFileListPaths = (
				"${PODS_ROOT}/Target Support Files/Pods-BDDDemo/Pods-BDDDemo-frameworks-${CONFIGURATION}-input-files.xcfilelist",
			);
			name = "[CP] Embed Pods Frameworks";
			outputFileListPaths = (
				"${PODS_ROOT}/Target Support Files/Pods-BDDDemo/Pods-BDDDemo-frameworks-${CONFIGURATION}-output-files.xcfilelist",
			);
			runOnlyForDeploymentPostprocessing = 0;
			shellPath = /bin/sh;
			shellScript = "\"${PODS_ROOT}/Target Support Files/Pods-BDDDemo/Pods-BDDDemo-frameworks.sh\"\n";
			showEnvVarsInLog = 0;
		};
		929F39FB2B58DC0D000FCBA7 /* ShellScript */ = {
			isa = PBXShellScriptBuildPhase;
			buildActionMask = 2147483647;
			files = (
			);
			inputFileListPaths = (
			);
			inputPaths = (
			);
			outputFileListPaths = (
			);
			outputPaths = (
			);
			runOnlyForDeploymentPostprocessing = 0;
			shellPath = /bin/sh;
			shellScript = "if [ -f \"${SRCROOT}/Pods/Cucumberish/Cucumberish\" ]; then\n    \"${SRCROOT}/Pods/Cucumberish/Cucumberish\" \"BDDDemo\" \\\n    \"${SRCROOT}/BDDDemo/BDDDemoUITests/Features/01_login.feature\" \\\n    \"${SRCROOT}/BDDDemo/BDDDemoUITests/Features/02_otp_validation.feature\" \\\n    --timeout 300 --skip\nfi\n";
		};
		E6EFF0E6F4B272CB07F53878 /* [CP] Embed Pods Frameworks */ = {
			isa = PBXShellScriptBuildPhase;
			buildActionMask = 2147483647;
			files = (
			);
			inputFileListPaths = (
				"${PODS_ROOT}/Target Support Files/Pods-BDDDemo-BDDDemoUITests/Pods-BDDDemo-BDDDemoUITests-frameworks-${CONFIGURATION}-input-files.xcfilelist",
			);
			name = "[CP] Embed Pods Frameworks";
			outputFileListPaths = (
				"${PODS_ROOT}/Target Support Files/Pods-BDDDemo-BDDDemoUITests/Pods-BDDDemo-BDDDemoUITests-frameworks-${CONFIGURATION}-output-files.xcfilelist",
			);
			runOnlyForDeploymentPostprocessing = 0;
			shellPath = /bin/sh;
			shellScript = "\"${PODS_ROOT}/Target Support Files/Pods-BDDDemo-BDDDemoUITests/Pods-BDDDemo-BDDDemoUITests-frameworks.sh\"\n";
			showEnvVarsInLog = 0;
		};
		EB1654DF8A3957F0622064E7 /* [CP] Check Pods Manifest.lock */ = {
			isa = PBXShellScriptBuildPhase;
			buildActionMask = 2147483647;
			files = (
			);
			inputFileListPaths = (
			);
			inputPaths = (
				"${PODS_PODFILE_DIR_PATH}/Podfile.lock",
				"${PODS_ROOT}/Manifest.lock",
			);
			name = "[CP] Check Pods Manifest.lock";
			outputFileListPaths = (
			);
			outputPaths = (
				"$(DERIVED_FILE_DIR)/Pods-BDDDemo-checkManifestLockResult.txt",
			);
			runOnlyForDeploymentPostprocessing = 0;
			shellPath = /bin/sh;
			shellScript = "diff \"${PODS_PODFILE_DIR_PATH}/Podfile.lock\" \"${PODS_ROOT}/Manifest.lock\" > /dev/null\nif [ $? != 0 ] ; then\n    # print error to STDERR\n    echo \"error: The sandbox is not in sync with the Podfile.lock. Run 'pod install' or update your CocoaPods installation.\" >&2\n    exit 1\nfi\n# This output is used by Xcode 'outputs' to avoid re-running this script phase.\necho \"SUCCESS\" > \"${SCRIPT_OUTPUT_FILE_0}\"\n";
			showEnvVarsInLog = 0;
		};
/* End PBXShellScriptBuildPhase section */

/* Begin PBXSourcesBuildPhase section */
		92723DA42B57B3A600145EF4 /* Sources */ = {
			isa = PBXSourcesBuildPhase;
			buildActionMask = 2147483647;
			files = (
				92723DE82B57B4F500145EF4 /* ViewController.swift in Sources */,
				92723DAC2B57B3A600145EF4 /* AppDelegate.swift in Sources */,
				92723DEA2B57B51600145EF4 /* OtpScreenViewController.swift in Sources */,
				92723DAE2B57B3A600145EF4 /* SceneDelegate.swift in Sources */,
			);
			runOnlyForDeploymentPostprocessing = 0;
		};
		92723DBA2B57B3A800145EF4 /* Sources */ = {
			isa = PBXSourcesBuildPhase;
			buildActionMask = 2147483647;
			files = (
				92723DC32B57B3A800145EF4 /* BDDDemoTests.swift in Sources */,
			);
			runOnlyForDeploymentPostprocessing = 0;
		};
		92723DC42B57B3A800145EF4 /* Sources */ = {
			isa = PBXSourcesBuildPhase;
			buildActionMask = 2147483647;
			files = (
				92723DF02B57B5D400145EF4 /* CucumberInitializer.swift in Sources */,
				926BAC172B57F03E00424129 /* OtpSteps.swift in Sources */,
				92723DF22B57B5D400145EF4 /* CucumberishLoader.m in Sources */,
				929F39FD2B58FECA000FCBA7 /* LoginSteps.swift in Sources */,
			);
			runOnlyForDeploymentPostprocessing = 0;
		};
/* End PBXSourcesBuildPhase section */

/* Begin PBXTargetDependency section */
		92723DC02B57B3A800145EF4 /* PBXTargetDependency */ = {
			isa = PBXTargetDependency;
			target = 92723DA72B57B3A600145EF4 /* BDDDemo */;
			targetProxy = 92723DBF2B57B3A800145EF4 /* PBXContainerItemProxy */;
		};
		92723DCA2B57B3A800145EF4 /* PBXTargetDependency */ = {
			isa = PBXTargetDependency;
			target = 92723DA72B57B3A600145EF4 /* BDDDemo */;
			targetProxy = 92723DC92B57B3A800145EF4 /* PBXContainerItemProxy */;
		};
/* End PBXTargetDependency section */

/* Begin PBXVariantGroup section */
		92723DB12B57B3A600145EF4 /* Main.storyboard */ = {
			isa = PBXVariantGroup;
			children = (
				92723DB22B57B3A600145EF4 /* Base */,
			);
			name = Main.storyboard;
			sourceTree = "<group>";
		};
		92723DB62B57B3A800145EF4 /* LaunchScreen.storyboard */ = {
			isa = PBXVariantGroup;
			children = (
				92723DB72B57B3A800145EF4 /* Base */,
			);
			name = LaunchScreen.storyboard;
			sourceTree = "<group>";
		};
/* End PBXVariantGroup section */

/* Begin XCBuildConfiguration section */
		92723DD02B57B3A900145EF4 /* Debug */ = {
			isa = XCBuildConfiguration;
			buildSettings = {
				ALWAYS_SEARCH_USER_PATHS = NO;
				CLANG_ANALYZER_NONNULL = YES;
				CLANG_ANALYZER_NUMBER_OBJECT_CONVERSION = YES_AGGRESSIVE;
				CLANG_CXX_LANGUAGE_STANDARD = "gnu++20";
				CLANG_ENABLE_MODULES = YES;
				CLANG_ENABLE_OBJC_ARC = YES;
				CLANG_ENABLE_OBJC_WEAK = YES;
				CLANG_WARN_BLOCK_CAPTURE_AUTORELEASING = YES;
				CLANG_WARN_BOOL_CONVERSION = YES;
				CLANG_WARN_COMMA = YES;
				CLANG_WARN_CONSTANT_CONVERSION = YES;
				CLANG_WARN_DEPRECATED_OBJC_IMPLEMENTATIONS = YES;
				CLANG_WARN_DIRECT_OBJC_ISA_USAGE = YES_ERROR;
				CLANG_WARN_DOCUMENTATION_COMMENTS = YES;
				CLANG_WARN_EMPTY_BODY = YES;
				CLANG_WARN_ENUM_CONVERSION = YES;
				CLANG_WARN_INFINITE_RECURSION = YES;
				CLANG_WARN_INT_CONVERSION = YES;
				CLANG_WARN_NON_LITERAL_NULL_CONVERSION = YES;
				CLANG_WARN_OBJC_IMPLICIT_RETAIN_SELF = YES;
				CLANG_WARN_OBJC_LITERAL_CONVERSION = YES;
				CLANG_WARN_OBJC_ROOT_CLASS = YES_ERROR;
				CLANG_WARN_QUOTED_INCLUDE_IN_FRAMEWORK_HEADER = YES;
				CLANG_WARN_RANGE_LOOP_ANALYSIS = YES;
				CLANG_WARN_STRICT_PROTOTYPES = YES;
				CLANG_WARN_SUSPICIOUS_MOVE = YES;
				CLANG_WARN_UNGUARDED_AVAILABILITY = YES_AGGRESSIVE;
				CLANG_WARN_UNREACHABLE_CODE = YES;
				CLANG_WARN__DUPLICATE_METHOD_MATCH = YES;
				COPY_PHASE_STRIP = NO;
				DEBUG_INFORMATION_FORMAT = dwarf;
				ENABLE_STRICT_OBJC_MSGSEND = YES;
				ENABLE_TESTABILITY = YES;
				GCC_C_LANGUAGE_STANDARD = gnu11;
				GCC_DYNAMIC_NO_PIC = NO;
				GCC_NO_COMMON_BLOCKS = YES;
				GCC_OPTIMIZATION_LEVEL = 0;
				GCC_PREPROCESSOR_DEFINITIONS = (
					"DEBUG=1",
					"$(inherited)",
				);
				GCC_WARN_64_TO_32_BIT_CONVERSION = YES;
				GCC_WARN_ABOUT_RETURN_TYPE = YES_ERROR;
				GCC_WARN_UNDECLARED_SELECTOR = YES;
				GCC_WARN_UNINITIALIZED_AUTOS = YES_AGGRESSIVE;
				GCC_WARN_UNUSED_FUNCTION = YES;
				GCC_WARN_UNUSED_VARIABLE = YES;
				IPHONEOS_DEPLOYMENT_TARGET = 16.2;
				MTL_ENABLE_DEBUG_INFO = INCLUDE_SOURCE;
				MTL_FAST_MATH = YES;
				ONLY_ACTIVE_ARCH = YES;
				SDKROOT = iphoneos;
				SWIFT_ACTIVE_COMPILATION_CONDITIONS = DEBUG;
				SWIFT_OPTIMIZATION_LEVEL = "-Onone";
			};
			name = Debug;
		};
		92723DD12B57B3A900145EF4 /* Release */ = {
			isa = XCBuildConfiguration;
			buildSettings = {
				ALWAYS_SEARCH_USER_PATHS = NO;
				CLANG_ANALYZER_NONNULL = YES;
				CLANG_ANALYZER_NUMBER_OBJECT_CONVERSION = YES_AGGRESSIVE;
				CLANG_CXX_LANGUAGE_STANDARD = "gnu++20";
				CLANG_ENABLE_MODULES = YES;
				CLANG_ENABLE_OBJC_ARC = YES;
				CLANG_ENABLE_OBJC_WEAK = YES;
				CLANG_WARN_BLOCK_CAPTURE_AUTORELEASING = YES;
				CLANG_WARN_BOOL_CONVERSION = YES;
				CLANG_WARN_COMMA = YES;
				CLANG_WARN_CONSTANT_CONVERSION = YES;
				CLANG_WARN_DEPRECATED_OBJC_IMPLEMENTATIONS = YES;
				CLANG_WARN_DIRECT_OBJC_ISA_USAGE = YES_ERROR;
				CLANG_WARN_DOCUMENTATION_COMMENTS = YES;
				CLANG_WARN_EMPTY_BODY = YES;
				CLANG_WARN_ENUM_CONVERSION = YES;
				CLANG_WARN_INFINITE_RECURSION = YES;
				CLANG_WARN_INT_CONVERSION = YES;
				CLANG_WARN_NON_LITERAL_NULL_CONVERSION = YES;
				CLANG_WARN_OBJC_IMPLICIT_RETAIN_SELF = YES;
				CLANG_WARN_OBJC_LITERAL_CONVERSION = YES;
				CLANG_WARN_OBJC_ROOT_CLASS = YES_ERROR;
				CLANG_WARN_QUOTED_INCLUDE_IN_FRAMEWORK_HEADER = YES;
				CLANG_WARN_RANGE_LOOP_ANALYSIS = YES;
				CLANG_WARN_STRICT_PROTOTYPES = YES;
				CLANG_WARN_SUSPICIOUS_MOVE = YES;
				CLANG_WARN_UNGUARDED_AVAILABILITY = YES_AGGRESSIVE;
				CLANG_WARN_UNREACHABLE_CODE = YES;
				CLANG_WARN__DUPLICATE_METHOD_MATCH = YES;
				COPY_PHASE_STRIP = NO;
				DEBUG_INFORMATION_FORMAT = "dwarf-with-dsym";
				ENABLE_NS_ASSERTIONS = NO;
				ENABLE_STRICT_OBJC_MSGSEND = YES;
				GCC_C_LANGUAGE_STANDARD = gnu11;
				GCC_NO_COMMON_BLOCKS = YES;
				GCC_WARN_64_TO_32_BIT_CONVERSION = YES;
				GCC_WARN_ABOUT_RETURN_TYPE = YES_ERROR;
				GCC_WARN_UNDECLARED_SELECTOR = YES;
				GCC_WARN_UNINITIALIZED_AUTOS = YES_AGGRESSIVE;
				GCC_WARN_UNUSED_FUNCTION = YES;
				GCC_WARN_UNUSED_VARIABLE = YES;
				IPHONEOS_DEPLOYMENT_TARGET = 16.2;
				MTL_ENABLE_DEBUG_INFO = NO;
				MTL_FAST_MATH = YES;
				SDKROOT = iphoneos;
				SWIFT_COMPILATION_MODE = wholemodule;
				SWIFT_OPTIMIZATION_LEVEL = "-O";
				VALIDATE_PRODUCT = YES;
			};
			name = Release;
		};
		92723DD32B57B3A900145EF4 /* Debug */ = {
			isa = XCBuildConfiguration;
			baseConfigurationReference = BF043A3F4D57E1BB47D8B330 /* Pods-BDDDemo.debug.xcconfig */;
			buildSettings = {
				ASSETCATALOG_COMPILER_APPICON_NAME = AppIcon;
				ASSETCATALOG_COMPILER_GLOBAL_ACCENT_COLOR_NAME = AccentColor;
				CODE_SIGN_STYLE = Automatic;
				CURRENT_PROJECT_VERSION = 1;
				GENERATE_INFOPLIST_FILE = YES;
				INFOPLIST_FILE = BDDDemo/Info.plist;
				INFOPLIST_KEY_UIApplicationSupportsIndirectInputEvents = YES;
				INFOPLIST_KEY_UILaunchStoryboardName = LaunchScreen;
				INFOPLIST_KEY_UIMainStoryboardFile = Main;
				INFOPLIST_KEY_UISupportedInterfaceOrientations_iPad = "UIInterfaceOrientationPortrait UIInterfaceOrientationPortraitUpsideDown UIInterfaceOrientationLandscapeLeft UIInterfaceOrientationLandscapeRight";
				INFOPLIST_KEY_UISupportedInterfaceOrientations_iPhone = "UIInterfaceOrientationPortrait UIInterfaceOrientationLandscapeLeft UIInterfaceOrientationLandscapeRight";
				IPHONEOS_DEPLOYMENT_TARGET = 14.0;
				LD_RUNPATH_SEARCH_PATHS = (
					"$(inherited)",
					"@executable_path/Frameworks",
				);
				MARKETING_VERSION = 1.0;
				PRODUCT_BUNDLE_IDENTIFIER = com.abhisheksreejith.BDDDemo;
				PRODUCT_NAME = "$(TARGET_NAME)";
				SWIFT_EMIT_LOC_STRINGS = YES;
				SWIFT_VERSION = 5.0;
				TARGETED_DEVICE_FAMILY = "1,2";
			};
			name = Debug;
		};
		92723DD42B57B3A900145EF4 /* Release */ = {
			isa = XCBuildConfiguration;
			baseConfigurationReference = A09AC93A215E20BCF957FA8C /* Pods-BDDDemo.release.xcconfig */;
			buildSettings = {
				ASSETCATALOG_COMPILER_APPICON_NAME = AppIcon;
				ASSETCATALOG_COMPILER_GLOBAL_ACCENT_COLOR_NAME = AccentColor;
				CODE_SIGN_STYLE = Automatic;
				CURRENT_PROJECT_VERSION = 1;
				GENERATE_INFOPLIST_FILE = YES;
				INFOPLIST_FILE = BDDDemo/Info.plist;
				INFOPLIST_KEY_UIApplicationSupportsIndirectInputEvents = YES;
				INFOPLIST_KEY_UILaunchStoryboardName = LaunchScreen;
				INFOPLIST_KEY_UIMainStoryboardFile = Main;
				INFOPLIST_KEY_UISupportedInterfaceOrientations_iPad = "UIInterfaceOrientationPortrait UIInterfaceOrientationPortraitUpsideDown UIInterfaceOrientationLandscapeLeft UIInterfaceOrientationLandscapeRight";
				INFOPLIST_KEY_UISupportedInterfaceOrientations_iPhone = "UIInterfaceOrientationPortrait UIInterfaceOrientationLandscapeLeft UIInterfaceOrientationLandscapeRight";
				IPHONEOS_DEPLOYMENT_TARGET = 14.0;
				LD_RUNPATH_SEARCH_PATHS = (
					"$(inherited)",
					"@executable_path/Frameworks",
				);
				MARKETING_VERSION = 1.0;
				PRODUCT_BUNDLE_IDENTIFIER = com.abhisheksreejith.BDDDemo;
				PRODUCT_NAME = "$(TARGET_NAME)";
				SWIFT_EMIT_LOC_STRINGS = YES;
				SWIFT_VERSION = 5.0;
				TARGETED_DEVICE_FAMILY = "1,2";
			};
			name = Release;
		};
		92723DD62B57B3A900145EF4 /* Debug */ = {
			isa = XCBuildConfiguration;
			baseConfigurationReference = 9F0B6726C74DE43C144DC3D7 /* Pods-BDDDemoTests.debug.xcconfig */;
			buildSettings = {
				ALWAYS_EMBED_SWIFT_STANDARD_LIBRARIES = YES;
				BUNDLE_LOADER = "$(TEST_HOST)";
				CODE_SIGN_STYLE = Automatic;
				CURRENT_PROJECT_VERSION = 1;
				GENERATE_INFOPLIST_FILE = YES;
				IPHONEOS_DEPLOYMENT_TARGET = 16.2;
				MARKETING_VERSION = 1.0;
				PRODUCT_BUNDLE_IDENTIFIER = com.abhisheksreejith.BDDDemoTests;
				PRODUCT_NAME = "$(TARGET_NAME)";
				SWIFT_EMIT_LOC_STRINGS = NO;
				SWIFT_VERSION = 5.0;
				TARGETED_DEVICE_FAMILY = "1,2";
				TEST_HOST = "$(BUILT_PRODUCTS_DIR)/BDDDemo.app/$(BUNDLE_EXECUTABLE_FOLDER_PATH)/BDDDemo";
			};
			name = Debug;
		};
		92723DD72B57B3A900145EF4 /* Release */ = {
			isa = XCBuildConfiguration;
			baseConfigurationReference = 5C16A31480DD84AF8CCA53B5 /* Pods-BDDDemoTests.release.xcconfig */;
			buildSettings = {
				ALWAYS_EMBED_SWIFT_STANDARD_LIBRARIES = YES;
				BUNDLE_LOADER = "$(TEST_HOST)";
				CODE_SIGN_STYLE = Automatic;
				CURRENT_PROJECT_VERSION = 1;
				GENERATE_INFOPLIST_FILE = YES;
				IPHONEOS_DEPLOYMENT_TARGET = 16.2;
				MARKETING_VERSION = 1.0;
				PRODUCT_BUNDLE_IDENTIFIER = com.abhisheksreejith.BDDDemoTests;
				PRODUCT_NAME = "$(TARGET_NAME)";
				SWIFT_EMIT_LOC_STRINGS = NO;
				SWIFT_VERSION = 5.0;
				TARGETED_DEVICE_FAMILY = "1,2";
				TEST_HOST = "$(BUILT_PRODUCTS_DIR)/BDDDemo.app/$(BUNDLE_EXECUTABLE_FOLDER_PATH)/BDDDemo";
			};
			name = Release;
		};
		92723DD92B57B3A900145EF4 /* Debug */ = {
			isa = XCBuildConfiguration;
			baseConfigurationReference = 8900CBFCF233F74EF54FBD60 /* Pods-BDDDemo-BDDDemoUITests.debug.xcconfig */;
			buildSettings = {
				ALWAYS_EMBED_SWIFT_STANDARD_LIBRARIES = YES;
				CLANG_ENABLE_MODULES = YES;
				CODE_SIGN_STYLE = Automatic;
				CURRENT_PROJECT_VERSION = 1;
				DEFINES_MODULE = YES;
				GENERATE_INFOPLIST_FILE = YES;
				LD_RUNPATH_SEARCH_PATHS = (
					"$(inherited)",
					"@executable_path/Frameworks",
					"@loader_path/Frameworks",
				);
				MARKETING_VERSION = 1.0;
				PRODUCT_BUNDLE_IDENTIFIER = com.abhisheksreejith.BDDDemoUITests;
				PRODUCT_NAME = "$(TARGET_NAME)";
				SWIFT_EMIT_LOC_STRINGS = NO;
				SWIFT_OBJC_BRIDGING_HEADER = "BDDDemoUITests/BDDDemoUITests-Bridging-Header.h";
				SWIFT_OPTIMIZATION_LEVEL = "-Onone";
				SWIFT_VERSION = 5.0;
				TARGETED_DEVICE_FAMILY = "1,2";
				TEST_TARGET_NAME = BDDDemo;
			};
			name = Debug;
		};
		92723DDA2B57B3A900145EF4 /* Release */ = {
			isa = XCBuildConfiguration;
			baseConfigurationReference = 6DDF74A7F9D265995CB85B53 /* Pods-BDDDemo-BDDDemoUITests.release.xcconfig */;
			buildSettings = {
				ALWAYS_EMBED_SWIFT_STANDARD_LIBRARIES = YES;
				CLANG_ENABLE_MODULES = YES;
				CODE_SIGN_STYLE = Automatic;
				CURRENT_PROJECT_VERSION = 1;
				DEFINES_MODULE = YES;
				GENERATE_INFOPLIST_FILE = YES;
				LD_RUNPATH_SEARCH_PATHS = (
					"$(inherited)",
					"@executable_path/Frameworks",
					"@loader_path/Frameworks",
				);
				MARKETING_VERSION = 1.0;
				PRODUCT_BUNDLE_IDENTIFIER = com.abhisheksreejith.BDDDemoUITests;
				PRODUCT_NAME = "$(TARGET_NAME)";
				SWIFT_EMIT_LOC_STRINGS = NO;
				SWIFT_OBJC_BRIDGING_HEADER = "BDDDemoUITests/BDDDemoUITests-Bridging-Header.h";
				SWIFT_VERSION = 5.0;
				TARGETED_DEVICE_FAMILY = "1,2";
				TEST_TARGET_NAME = BDDDemo;
			};
			name = Release;
		};
/* End XCBuildConfiguration section */

/* Begin XCConfigurationList section */
		92723DA32B57B3A600145EF4 /* Build configuration list for PBXProject "BDDDemo" */ = {
			isa = XCConfigurationList;
			buildConfigurations = (
				92723DD02B57B3A900145EF4 /* Debug */,
				92723DD12B57B3A900145EF4 /* Release */,
			);
			defaultConfigurationIsVisible = 0;
			defaultConfigurationName = Release;
		};
		92723DD22B57B3A900145EF4 /* Build configuration list for PBXNativeTarget "BDDDemo" */ = {
			isa = XCConfigurationList;
			buildConfigurations = (
				92723DD32B57B3A900145EF4 /* Debug */,
				92723DD42B57B3A900145EF4 /* Release */,
			);
			defaultConfigurationIsVisible = 0;
			defaultConfigurationName = Release;
		};
		92723DD52B57B3A900145EF4 /* Build configuration list for PBXNativeTarget "BDDDemoTests" */ = {
			isa = XCConfigurationList;
			buildConfigurations = (
				92723DD62B57B3A900145EF4 /* Debug */,
				92723DD72B57B3A900145EF4 /* Release */,
			);
			defaultConfigurationIsVisible = 0;
			defaultConfigurationName = Release;
		};
		92723DD82B57B3A900145EF4 /* Build configuration list for PBXNativeTarget "BDDDemoUITests" */ = {
			isa = XCConfigurationList;
			buildConfigurations = (
				92723DD92B57B3A900145EF4 /* Debug */,
				92723DDA2B57B3A900145EF4 /* Release */,
			);
			defaultConfigurationIsVisible = 0;
			defaultConfigurationName = Release;
		};
/* End XCConfigurationList section */
	};
	rootObject = 92723DA02B57B3A600145EF4 /* Project object */;
}
